# THIS IS AN AUTOGENERATED FILE. DO NOT EDIT THIS FILE DIRECTLY.
# yarn lockfile v1


"@bluesyoung/share-dom@workspace:^0.0.3":
  version "0.0.3"
  resolved "https://registry.npmmirror.com/@bluesyoung/share-dom/-/share-dom-0.0.3.tgz#e199805a70eb202c1b18677a5fb8c34adf398b57"
  integrity sha512-kbR1zPERcKW8ON5L4If7ndmX1boBUcGKseSHni1qdmL/HhCXL7SU51xFvB18bvsFhw/Asd3ZN5RwD5rWT1gbxQ==

"@bluesyoung/utils@^0.0.3":
  version "0.0.3"
  resolved "https://registry.npmmirror.com/@bluesyoung/utils/-/utils-0.0.3.tgz#21a8bc485ed590f8861a41fe37ace41aabd1c8c1"
  integrity sha512-X+Pbkje9JMWwFb8iVBkbKraTAWqfXovX+28sXUspBCMdJN+h1FnN4jL3zfEXpWXEpL0B6mydoiW1PvR3V9Sh+g==

defu@^6.1.2:
  version "6.1.2"
  resolved "https://registry.npmmirror.com/defu/-/defu-6.1.2.tgz#1217cba167410a1765ba93893c6dbac9ed9d9e5c"
  integrity sha512-+uO4+qr7msjNNWKYPHqN/3+Dx3NFkmIzayk2L1MyZQlvgZb/J1A0fo410dpKrN2SnqFjt8n4JL8fDJE0wIgjFQ==
